
Microsoft Visual Studio Solution File, Format Version 12.00
# Visual Studio Version 17
VisualStudioVersion = 17.6.33723.286
MinimumVisualStudioVersion = 10.0.40219.1
Project("{FAE04EC0-301F-11D3-BF4B-00C04F79EFBC}") = "salary_payroll", "salary_payroll\salary_payroll.csproj", "{70165D03-16C5-477C-96A2-788BFF78DCEA}"
EndProject
Global
	GlobalSection(SolutionConfigurationPlatforms) = preSolution
		Debug|Any CPU = Debug|Any CPU
		Release|Any CPU = Release|Any CPU
	EndGlobalSection
	GlobalSection(ProjectConfigurationPlatforms) = postSolution
		{70165D03-16C5-477C-96A2-788BFF78DCEA}.Debug|Any CPU.ActiveCfg = Debug|Any CPU
		{70165D03-16C5-477C-96A2-788BFF78DCEA}.Debug|Any CPU.Build.0 = Debug|Any CPU
		{70165D03-16C5-477C-96A2-788BFF78DCEA}.Release|Any CPU.ActiveCfg = Release|Any CPU
		{70165D03-16C5-477C-96A2-788BFF78DCEA}.Release|Any CPU.Build.0 = Release|Any CPU
	EndGlobalSection
	GlobalSection(SolutionProperties) = preSolution
		HideSolutionNode = FALSE
	EndGlobalSection
	GlobalSection(ExtensibilityGlobals) = postSolution
		SolutionGuid = {4253DC78-D0D2-4CBA-97AA-C68F596118DA}
	EndGlobalSection
EndGlobal
